
Microsoft Visual Studio Solution File, Format Version 12.00
# Visual Studio Version 16
VisualStudioVersion = 16.0.31321.278
MinimumVisualStudioVersion = 10.0.40219.1
Project("{FAE04EC0-301F-11D3-BF4B-00C04F79EFBC}") = "MemoryGame", "MemoryGame\MemoryGame.csproj", "{95EE570F-AA46-47B9-8F8D-F735E6B8B5F0}"
EndProject
Global
	GlobalSection(SolutionConfigurationPlatforms) = preSolution
		Debug|Any CPU = Debug|Any CPU
		Release|Any CPU = Release|Any CPU
	EndGlobalSection
	GlobalSection(ProjectConfigurationPlatforms) = postSolution
		{95EE570F-AA46-47B9-8F8D-F735E6B8B5F0}.Debug|Any CPU.ActiveCfg = Debug|Any CPU
		{95EE570F-AA46-47B9-8F8D-F735E6B8B5F0}.Debug|Any CPU.Build.0 = Debug|Any CPU
		{95EE570F-AA46-47B9-8F8D-F735E6B8B5F0}.Release|Any CPU.ActiveCfg = Release|Any CPU
		{95EE570F-AA46-47B9-8F8D-F735E6B8B5F0}.Release|Any CPU.Build.0 = Release|Any CPU
	EndGlobalSection
	GlobalSection(SolutionProperties) = preSolution
		HideSolutionNode = FALSE
	EndGlobalSection
	GlobalSection(ExtensibilityGlobals) = postSolution
		SolutionGuid = {66650EC8-7327-4CB2-9F34-BAC3CDBE16DA}
	EndGlobalSection
EndGlobal
